{
  "version": 4,
  "terraform_version": "0.12.9",
  "serial": 356,
  "lineage": "67fa730d-a0e7-c26c-eaa5-90dedacfbde9",
  "outputs": {
    "elb-dns-name": {
      "value": "cosc349-elb-1936828199.us-east-1.elb.amazonaws.com",
      "type": "string"
    }
  },
  "resources": [
    {
      "mode": "managed",
      "type": "aws_docdb_cluster",
      "name": "db_c",
      "provider": "provider.aws",
      "instances": [
        {
          "schema_version": 0,
          "attributes": {
            "apply_immediately": null,
            "arn": "arn:aws:rds:us-east-1:945403382060:cluster:cosc349-docdb",
            "availability_zones": [
              "us-east-1a",
              "us-east-1b",
              "us-east-1c"
            ],
            "backup_retention_period": 1,
            "cluster_identifier": "cosc349-docdb",
            "cluster_identifier_prefix": null,
            "cluster_members": [
              "cosc349-docdb-0"
            ],
            "cluster_resource_id": "cluster-LF5IGPRXII7GG7KL4OQKEYAAVA",
            "db_cluster_parameter_group_name": "terraform-20190929070011393800000001",
            "db_subnet_group_name": "terraform-20190929070013561000000002",
            "enabled_cloudwatch_logs_exports": [],
            "endpoint": "cosc349-docdb.cluster-co0luenfpcle.us-east-1.docdb.amazonaws.com",
            "engine": "docdb",
            "engine_version": "3.6.0",
            "final_snapshot_identifier": null,
            "hosted_zone_id": "ZNKXH85TT8WVW",
            "id": "cosc349-docdb",
            "kms_key_id": "",
            "master_password": "password",
            "master_username": "cosc349",
            "port": 27017,
            "preferred_backup_window": "09:16-09:46",
            "preferred_maintenance_window": "mon:08:16-mon:08:46",
            "reader_endpoint": "cosc349-docdb.cluster-ro-co0luenfpcle.us-east-1.docdb.amazonaws.com",
            "skip_final_snapshot": true,
            "snapshot_identifier": null,
            "storage_encrypted": false,
            "tags": {},
            "timeouts": null,
            "vpc_security_group_ids": [
              "sg-0b335ceed2bda1187"
            ]
          },
          "private": "eyJlMmJmYjczMC1lY2FhLTExZTYtOGY4OC0zNDM2M2JjN2M0YzAiOnsiY3JlYXRlIjo3MjAwMDAwMDAwMDAwLCJkZWxldGUiOjcyMDAwMDAwMDAwMDAsInVwZGF0ZSI6NzIwMDAwMDAwMDAwMH19",
          "depends_on": [
            "aws_docdb_cluster_parameter_group.db_pg",
            "aws_docdb_subnet_group.db_sg",
            "aws_security_group.app_servers"
          ]
        }
      ]
    },
    {
      "mode": "managed",
      "type": "aws_docdb_cluster_instance",
      "name": "db_ci",
      "each": "list",
      "provider": "provider.aws",
      "instances": [
        {
          "index_key": 0,
          "schema_version": 0,
          "attributes": {
            "apply_immediately": null,
            "arn": "arn:aws:rds:us-east-1:945403382060:db:cosc349-docdb-0",
            "auto_minor_version_upgrade": true,
            "availability_zone": "us-east-1b",
            "cluster_identifier": "cosc349-docdb",
            "db_subnet_group_name": "terraform-20190929070013561000000002",
            "dbi_resource_id": "db-F5DFFBZO7ONAMUVCXS6N5HWZRU",
            "endpoint": "cosc349-docdb-0.co0luenfpcle.us-east-1.docdb.amazonaws.com",
            "engine": "docdb",
            "engine_version": "3.6.0",
            "id": "cosc349-docdb-0",
            "identifier": "cosc349-docdb-0",
            "identifier_prefix": null,
            "instance_class": "db.r4.large",
            "kms_key_id": "",
            "port": 27017,
            "preferred_backup_window": "09:16-09:46",
            "preferred_maintenance_window": "sun:09:23-sun:09:53",
            "promotion_tier": 0,
            "publicly_accessible": false,
            "storage_encrypted": false,
            "tags": {},
            "timeouts": null,
            "writer": true
          },
          "private": "eyJlMmJmYjczMC1lY2FhLTExZTYtOGY4OC0zNDM2M2JjN2M0YzAiOnsiY3JlYXRlIjo1NDAwMDAwMDAwMDAwLCJkZWxldGUiOjU0MDAwMDAwMDAwMDAsInVwZGF0ZSI6NTQwMDAwMDAwMDAwMH19",
          "depends_on": [
            "aws_docdb_cluster.db_c"
          ]
        }
      ]
    },
    {
      "mode": "managed",
      "type": "aws_docdb_cluster_parameter_group",
      "name": "db_pg",
      "provider": "provider.aws",
      "instances": [
        {
          "schema_version": 0,
          "attributes": {
            "arn": "arn:aws:rds:us-east-1:945403382060:cluster-pg:terraform-20190929070011393800000001",
            "description": "Managed by Terraform",
            "family": "docdb3.6",
            "id": "terraform-20190929070011393800000001",
            "name": "terraform-20190929070011393800000001",
            "name_prefix": null,
            "parameter": [
              {
                "apply_method": "pending-reboot",
                "name": "tls",
                "value": "disabled"
              }
            ],
            "tags": {}
          },
          "private": "bnVsbA=="
        }
      ]
    },
    {
      "mode": "managed",
      "type": "aws_docdb_subnet_group",
      "name": "db_sg",
      "provider": "provider.aws",
      "instances": [
        {
          "schema_version": 0,
          "attributes": {
            "arn": "arn:aws:rds:us-east-1:945403382060:subgrp:terraform-20190929070013561000000002",
            "description": "Managed by Terraform",
            "id": "terraform-20190929070013561000000002",
            "name": "terraform-20190929070013561000000002",
            "name_prefix": null,
            "subnet_ids": [
              "subnet-0b8fcc4377e5d84af",
              "subnet-0d50e3b0570d41068"
            ],
            "tags": {}
          },
          "private": "bnVsbA==",
          "depends_on": [
            "aws_subnet.public"
          ]
        }
      ]
    },
    {
      "mode": "managed",
      "type": "aws_elb",
      "name": "cosc349_elb",
      "provider": "provider.aws",
      "instances": [
        {
          "schema_version": 0,
          "attributes": {
            "access_logs": [],
            "arn": "arn:aws:elasticloadbalancing:us-east-1:945403382060:loadbalancer/cosc349-elb",
            "availability_zones": [
              "us-east-1a",
              "us-east-1b"
            ],
            "connection_draining": true,
            "connection_draining_timeout": 300,
            "cross_zone_load_balancing": true,
            "dns_name": "cosc349-elb-1936828199.us-east-1.elb.amazonaws.com",
            "health_check": [
              {
                "healthy_threshold": 2,
                "interval": 30,
                "target": "HTTP:3000/",
                "timeout": 3,
                "unhealthy_threshold": 2
              }
            ],
            "id": "cosc349-elb",
            "idle_timeout": 100,
            "instances": [
              "i-065edaca6f0450a1c",
              "i-09b43ed4d82207233"
            ],
            "internal": false,
            "listener": [
              {
                "instance_port": 3000,
                "instance_protocol": "http",
                "lb_port": 80,
                "lb_protocol": "http",
                "ssl_certificate_id": ""
              }
            ],
            "name": "cosc349-elb",
            "name_prefix": null,
            "security_groups": [
              "sg-0b335ceed2bda1187"
            ],
            "source_security_group": "945403382060/cosc349-sg",
            "source_security_group_id": "sg-0b335ceed2bda1187",
            "subnets": [
              "subnet-0b8fcc4377e5d84af",
              "subnet-0d50e3b0570d41068"
            ],
            "tags": {},
            "zone_id": "Z35SXDOTRQ7X7K"
          },
          "private": "bnVsbA==",
          "depends_on": [
            "aws_instance.app_servers",
            "aws_security_group.app_servers",
            "aws_subnet.public"
          ]
        }
      ]
    },
    {
      "mode": "managed",
      "type": "aws_instance",
      "name": "app_servers",
      "each": "list",
      "provider": "provider.aws",
      "instances": [
        {
          "index_key": 0,
          "schema_version": 1,
          "attributes": {
            "ami": "ami-04763b3055de4860b",
            "arn": "arn:aws:ec2:us-east-1:945403382060:instance/i-065edaca6f0450a1c",
            "associate_public_ip_address": true,
            "availability_zone": "us-east-1a",
            "cpu_core_count": 1,
            "cpu_threads_per_core": 1,
            "credit_specification": [
              {
                "cpu_credits": "standard"
              }
            ],
            "disable_api_termination": false,
            "ebs_block_device": [],
            "ebs_optimized": false,
            "ephemeral_block_device": [],
            "get_password_data": false,
            "host_id": null,
            "iam_instance_profile": "",
            "id": "i-065edaca6f0450a1c",
            "instance_initiated_shutdown_behavior": null,
            "instance_state": "running",
            "instance_type": "t2.nano",
            "ipv6_address_count": 0,
            "ipv6_addresses": [],
            "key_name": "",
            "monitoring": false,
            "network_interface": [],
            "network_interface_id": null,
            "password_data": "",
            "placement_group": "",
            "primary_network_interface_id": "eni-09b1e132d9859efb6",
            "private_dns": "ip-10-20-1-16.ec2.internal",
            "private_ip": "10.20.1.16",
            "public_dns": "",
            "public_ip": "3.91.84.139",
            "root_block_device": [
              {
                "delete_on_termination": true,
                "encrypted": false,
                "iops": 100,
                "kms_key_id": "",
                "volume_id": "vol-09deaec6508d18a8f",
                "volume_size": 8,
                "volume_type": "gp2"
              }
            ],
            "security_groups": [
              "sg-0b335ceed2bda1187"
            ],
            "source_dest_check": true,
            "subnet_id": "subnet-0b8fcc4377e5d84af",
            "tags": {
              "Name": "cosc349_app_0"
            },
            "tenancy": "default",
            "timeouts": null,
            "user_data": "95342a885b27c5443deadbe9ffd12d88827520ff",
            "user_data_base64": null,
            "volume_tags": {},
            "vpc_security_group_ids": [
              "sg-0b335ceed2bda1187"
            ]
          },
          "private": "eyJlMmJmYjczMC1lY2FhLTExZTYtOGY4OC0zNDM2M2JjN2M0YzAiOnsiY3JlYXRlIjo2MDAwMDAwMDAwMDAsImRlbGV0ZSI6MTIwMDAwMDAwMDAwMCwidXBkYXRlIjo2MDAwMDAwMDAwMDB9LCJzY2hlbWFfdmVyc2lvbiI6IjEifQ==",
          "depends_on": [
            "aws_security_group.app_servers",
            "aws_subnet.public"
          ]
        },
        {
          "index_key": 1,
          "schema_version": 1,
          "attributes": {
            "ami": "ami-04763b3055de4860b",
            "arn": "arn:aws:ec2:us-east-1:945403382060:instance/i-09b43ed4d82207233",
            "associate_public_ip_address": true,
            "availability_zone": "us-east-1b",
            "cpu_core_count": 1,
            "cpu_threads_per_core": 1,
            "credit_specification": [
              {
                "cpu_credits": "standard"
              }
            ],
            "disable_api_termination": false,
            "ebs_block_device": [],
            "ebs_optimized": false,
            "ephemeral_block_device": [],
            "get_password_data": false,
            "host_id": null,
            "iam_instance_profile": "",
            "id": "i-09b43ed4d82207233",
            "instance_initiated_shutdown_behavior": null,
            "instance_state": "running",
            "instance_type": "t2.nano",
            "ipv6_address_count": 0,
            "ipv6_addresses": [],
            "key_name": "",
            "monitoring": false,
            "network_interface": [],
            "network_interface_id": null,
            "password_data": "",
            "placement_group": "",
            "primary_network_interface_id": "eni-0764ea6c3a99c8990",
            "private_dns": "ip-10-20-2-210.ec2.internal",
            "private_ip": "10.20.2.210",
            "public_dns": "",
            "public_ip": "3.81.209.58",
            "root_block_device": [
              {
                "delete_on_termination": true,
                "encrypted": false,
                "iops": 100,
                "kms_key_id": "",
                "volume_id": "vol-096f92afc59c6fa07",
                "volume_size": 8,
                "volume_type": "gp2"
              }
            ],
            "security_groups": [
              "sg-0b335ceed2bda1187"
            ],
            "source_dest_check": true,
            "subnet_id": "subnet-0d50e3b0570d41068",
            "tags": {
              "Name": "cosc349_app_1"
            },
            "tenancy": "default",
            "timeouts": null,
            "user_data": "c7cb0282b1bf4d0652f05b8a505fc88d07820e80",
            "user_data_base64": null,
            "volume_tags": {},
            "vpc_security_group_ids": [
              "sg-0b335ceed2bda1187"
            ]
          },
          "private": "eyJlMmJmYjczMC1lY2FhLTExZTYtOGY4OC0zNDM2M2JjN2M0YzAiOnsiY3JlYXRlIjo2MDAwMDAwMDAwMDAsImRlbGV0ZSI6MTIwMDAwMDAwMDAwMCwidXBkYXRlIjo2MDAwMDAwMDAwMDB9LCJzY2hlbWFfdmVyc2lvbiI6IjEifQ==",
          "depends_on": [
            "aws_security_group.app_servers",
            "aws_subnet.public"
          ]
        }
      ]
    },
    {
      "mode": "managed",
      "type": "aws_internet_gateway",
      "name": "cosc349_ig",
      "provider": "provider.aws",
      "instances": [
        {
          "schema_version": 0,
          "attributes": {
            "id": "igw-0803d276b6c799c4c",
            "owner_id": "945403382060",
            "tags": {},
            "vpc_id": "vpc-06fd7fd1813580d84"
          },
          "private": "bnVsbA==",
          "depends_on": [
            "aws_vpc.cosc349_vpc"
          ]
        }
      ]
    },
    {
      "mode": "managed",
      "type": "aws_route_table",
      "name": "public_rt",
      "provider": "provider.aws",
      "instances": [
        {
          "schema_version": 0,
          "attributes": {
            "id": "rtb-00135daa1141c3646",
            "owner_id": "945403382060",
            "propagating_vgws": [],
            "route": [
              {
                "cidr_block": "0.0.0.0/0",
                "egress_only_gateway_id": "",
                "gateway_id": "igw-0803d276b6c799c4c",
                "instance_id": "",
                "ipv6_cidr_block": "",
                "nat_gateway_id": "",
                "network_interface_id": "",
                "transit_gateway_id": "",
                "vpc_peering_connection_id": ""
              }
            ],
            "tags": {},
            "vpc_id": "vpc-06fd7fd1813580d84"
          },
          "private": "bnVsbA==",
          "depends_on": [
            "aws_internet_gateway.cosc349_ig",
            "aws_vpc.cosc349_vpc"
          ]
        }
      ]
    },
    {
      "mode": "managed",
      "type": "aws_route_table_association",
      "name": "a",
      "each": "list",
      "provider": "provider.aws",
      "instances": [
        {
          "index_key": 0,
          "schema_version": 0,
          "attributes": {
            "id": "rtbassoc-0634df64f27aae3fc",
            "route_table_id": "rtb-00135daa1141c3646",
            "subnet_id": "subnet-0b8fcc4377e5d84af"
          },
          "private": "bnVsbA==",
          "depends_on": [
            "aws_route_table.public_rt",
            "aws_subnet.public"
          ]
        },
        {
          "index_key": 1,
          "schema_version": 0,
          "attributes": {
            "id": "rtbassoc-024f97e3d52e2e187",
            "route_table_id": "rtb-00135daa1141c3646",
            "subnet_id": "subnet-0d50e3b0570d41068"
          },
          "private": "bnVsbA==",
          "depends_on": [
            "aws_route_table.public_rt",
            "aws_subnet.public"
          ]
        }
      ]
    },
    {
      "mode": "managed",
      "type": "aws_security_group",
      "name": "app_servers",
      "provider": "provider.aws",
      "instances": [
        {
          "schema_version": 1,
          "attributes": {
            "arn": "arn:aws:ec2:us-east-1:945403382060:security-group/sg-0b335ceed2bda1187",
            "description": "Security group for COSC349 recipes application",
            "egress": [
              {
                "cidr_blocks": [
                  "0.0.0.0/0"
                ],
                "description": "",
                "from_port": 0,
                "ipv6_cidr_blocks": [],
                "prefix_list_ids": [],
                "protocol": "-1",
                "security_groups": [],
                "self": false,
                "to_port": 0
              }
            ],
            "id": "sg-0b335ceed2bda1187",
            "ingress": [
              {
                "cidr_blocks": [
                  "0.0.0.0/0"
                ],
                "description": "",
                "from_port": 0,
                "ipv6_cidr_blocks": [],
                "prefix_list_ids": [],
                "protocol": "-1",
                "security_groups": [],
                "self": false,
                "to_port": 0
              }
            ],
            "name": "cosc349-sg",
            "name_prefix": null,
            "owner_id": "945403382060",
            "revoke_rules_on_delete": false,
            "tags": {},
            "timeouts": null,
            "vpc_id": "vpc-06fd7fd1813580d84"
          },
          "private": "eyJlMmJmYjczMC1lY2FhLTExZTYtOGY4OC0zNDM2M2JjN2M0YzAiOnsiY3JlYXRlIjo2MDAwMDAwMDAwMDAsImRlbGV0ZSI6NjAwMDAwMDAwMDAwfSwic2NoZW1hX3ZlcnNpb24iOiIxIn0=",
          "depends_on": [
            "aws_vpc.cosc349_vpc"
          ]
        }
      ]
    },
    {
      "mode": "managed",
      "type": "aws_subnet",
      "name": "public",
      "each": "list",
      "provider": "provider.aws",
      "instances": [
        {
          "index_key": 0,
          "schema_version": 1,
          "attributes": {
            "arn": "arn:aws:ec2:us-east-1:945403382060:subnet/subnet-0b8fcc4377e5d84af",
            "assign_ipv6_address_on_creation": false,
            "availability_zone": "us-east-1a",
            "availability_zone_id": "use1-az4",
            "cidr_block": "10.20.1.0/24",
            "id": "subnet-0b8fcc4377e5d84af",
            "ipv6_cidr_block": "",
            "ipv6_cidr_block_association_id": "",
            "map_public_ip_on_launch": true,
            "owner_id": "945403382060",
            "tags": {},
            "timeouts": null,
            "vpc_id": "vpc-06fd7fd1813580d84"
          },
          "private": "eyJlMmJmYjczMC1lY2FhLTExZTYtOGY4OC0zNDM2M2JjN2M0YzAiOnsiY3JlYXRlIjo2MDAwMDAwMDAwMDAsImRlbGV0ZSI6MTIwMDAwMDAwMDAwMH0sInNjaGVtYV92ZXJzaW9uIjoiMSJ9",
          "depends_on": [
            "aws_vpc.cosc349_vpc"
          ]
        },
        {
          "index_key": 1,
          "schema_version": 1,
          "attributes": {
            "arn": "arn:aws:ec2:us-east-1:945403382060:subnet/subnet-0d50e3b0570d41068",
            "assign_ipv6_address_on_creation": false,
            "availability_zone": "us-east-1b",
            "availability_zone_id": "use1-az6",
            "cidr_block": "10.20.2.0/24",
            "id": "subnet-0d50e3b0570d41068",
            "ipv6_cidr_block": "",
            "ipv6_cidr_block_association_id": "",
            "map_public_ip_on_launch": true,
            "owner_id": "945403382060",
            "tags": {},
            "timeouts": null,
            "vpc_id": "vpc-06fd7fd1813580d84"
          },
          "private": "eyJlMmJmYjczMC1lY2FhLTExZTYtOGY4OC0zNDM2M2JjN2M0YzAiOnsiY3JlYXRlIjo2MDAwMDAwMDAwMDAsImRlbGV0ZSI6MTIwMDAwMDAwMDAwMH0sInNjaGVtYV92ZXJzaW9uIjoiMSJ9",
          "depends_on": [
            "aws_vpc.cosc349_vpc"
          ]
        }
      ]
    },
    {
      "mode": "managed",
      "type": "aws_vpc",
      "name": "cosc349_vpc",
      "provider": "provider.aws",
      "instances": [
        {
          "schema_version": 1,
          "attributes": {
            "arn": "arn:aws:ec2:us-east-1:945403382060:vpc/vpc-06fd7fd1813580d84",
            "assign_generated_ipv6_cidr_block": false,
            "cidr_block": "10.20.0.0/16",
            "default_network_acl_id": "acl-0ba5e17081534a6b4",
            "default_route_table_id": "rtb-07472260a73f3cc2b",
            "default_security_group_id": "sg-03c6f9e50c96fead0",
            "dhcp_options_id": "dopt-5570782e",
            "enable_classiclink": false,
            "enable_classiclink_dns_support": false,
            "enable_dns_hostnames": false,
            "enable_dns_support": true,
            "id": "vpc-06fd7fd1813580d84",
            "instance_tenancy": "default",
            "ipv6_association_id": "",
            "ipv6_cidr_block": "",
            "main_route_table_id": "rtb-07472260a73f3cc2b",
            "owner_id": "945403382060",
            "tags": {}
          },
          "private": "eyJzY2hlbWFfdmVyc2lvbiI6IjEifQ=="
        }
      ]
    }
  ]
}
